// !$*UTF8*$!
{
	archiveVersion = 1;
	classes = {
	};
	objectVersion = 46;
	objects = {

/* Begin PBXBuildFile section */
		3DB051C51EA2680000EA3129 /* AppDelegate.swift in Sources */ = {isa = PBXBuildFile; fileRef = 3DB051C41EA2680000EA3129 /* AppDelegate.swift */; };
		3DB051C71EA2680000EA3129 /* ViewController.swift in Sources */ = {isa = PBXBuildFile; fileRef = 3DB051C61EA2680000EA3129 /* ViewController.swift */; };
		3DB051CA1EA2680000EA3129 /* Main.storyboard in Resources */ = {isa = PBXBuildFile; fileRef = 3DB051C81EA2680000EA3129 /* Main.storyboard */; };
		3DB051CC1EA2680000EA3129 /* Assets.xcassets in Resources */ = {isa = PBXBuildFile; fileRef = 3DB051CB1EA2680000EA3129 /* Assets.xcassets */; };
		3DB051CF1EA2680000EA3129 /* LaunchScreen.storyboard in Resources */ = {isa = PBXBuildFile; fileRef = 3DB051CD1EA2680000EA3129 /* LaunchScreen.storyboard */; };
		3DB051D71EA26BF400EA3129 /* sheep.mp3 in Resources */ = {isa = PBXBuildFile; fileRef = 3DB051D61EA26BF400EA3129 /* sheep.mp3 */; };
		3DB051D91EA26C0200EA3129 /* bach.jpg in Resources */ = {isa = PBXBuildFile; fileRef = 3DB051D81EA26C0200EA3129 /* bach.jpg */; };
/* End PBXBuildFile section */

/* Begin PBXFileReference section */
		3DB051C11EA2680000EA3129 /* backToBach.app */ = {isa = PBXFileReference; explicitFileType = wrapper.application; includeInIndex = 0; path = backToBach.app; sourceTree = BUILT_PRODUCTS_DIR; };
		3DB051C41EA2680000EA3129 /* AppDelegate.swift */ = {isa = PBXFileReference; lastKnownFileType = sourcecode.swift; path = AppDelegate.swift; sourceTree = "<group>"; };
		3DB051C61EA2680000EA3129 /* ViewController.swift */ = {isa = PBXFileReference; lastKnownFileType = sourcecode.swift; path = ViewController.swift; sourceTree = "<group>"; };
		3DB051C91EA2680000EA3129 /* Base */ = {isa = PBXFileReference; lastKnownFileType = file.storyboard; name = Base; path = Base.lproj/Main.storyboard; sourceTree = "<group>"; };
		3DB051CB1EA2680000EA3129 /* Assets.xcassets */ = {isa = PBXFileReference; lastKnownFileType = folder.assetcatalog; path = Assets.xcassets; sourceTree = "<group>"; };
		3DB051CE1EA2680000EA3129 /* Base */ = {isa = PBXFileReference; lastKnownFileType = file.storyboard; name = Base; path = Base.lproj/LaunchScreen.storyboard; sourceTree = "<group>"; };
		3DB051D01EA2680000EA3129 /* Info.plist */ = {isa = PBXFileReference; lastKnownFileType = text.plist.xml; path = Info.plist; sourceTree = "<group>"; };
		3DB051D61EA26BF400EA3129 /* sheep.mp3 */ = {isa = PBXFileReference; lastKnownFileType = audio.mp3; path = sheep.mp3; sourceTree = "<group>"; };
		3DB051D81EA26C0200EA3129 /* bach.jpg */ = {isa = PBXFileReference; lastKnownFileType = image.jpeg; path = bach.jpg; sourceTree = "<group>"; };
/* End PBXFileReference section */

/* Begin PBXFrameworksBuildPhase section */
		3DB051BE1EA2680000EA3129 /* Frameworks */ = {
			isa = PBXFrameworksBuildPhase;
			buildActionMask = 2147483647;
			files = (
			);
			runOnlyForDeploymentPostprocessing = 0;
		};
/* End PBXFrameworksBuildPhase section */

/* Begin PBXGroup section */
		3DB051B81EA2680000EA3129 = {
			isa = PBXGroup;
			children = (
				3DB051C31EA2680000EA3129 /* backToBach */,
				3DB051C21EA2680000EA3129 /* Products */,
			);
			sourceTree = "<group>";
		};
		3DB051C21EA2680000EA3129 /* Products */ = {
			isa = PBXGroup;
			children = (
				3DB051C11EA2680000EA3129 /* backToBach.app */,
			);
			name = Products;
			sourceTree = "<group>";
		};
		3DB051C31EA2680000EA3129 /* backToBach */ = {
			isa = PBXGroup;
			children = (
				3DB051C41EA2680000EA3129 /* AppDelegate.swift */,
				3DB051C61EA2680000EA3129 /* ViewController.swift */,
				3DB051C81EA2680000EA3129 /* Main.storyboard */,
				3DB051D61EA26BF400EA3129 /* sheep.mp3 */,
				3DB051D81EA26C0200EA3129 /* bach.jpg */,
				3DB051CB1EA2680000EA3129 /* Assets.xcassets */,
				3DB051CD1EA2680000EA3129 /* LaunchScreen.storyboard */,
				3DB051D01EA2680000EA3129 /* Info.plist */,
			);
			path = backToBach;
			sourceTree = "<group>";
		};
/* End PBXGroup section */

/* Begin PBXNativeTarget section */
		3DB051C01EA2680000EA3129 /* backToBach */ = {
			isa = PBXNativeTarget;
			buildConfigurationList = 3DB051D31EA2680000EA3129 /* Build configuration list for PBXNativeTarget "backToBach" */;
			buildPhases = (
				3DB051BD1EA2680000EA3129 /* Sources */,
				3DB051BE1EA2680000EA3129 /* Frameworks */,
				3DB051BF1EA2680000EA3129 /* Resources */,
			);
			buildRules = (
			);
			dependencies = (
			);
			name = backToBach;
			productName = backToBach;
			productReference = 3DB051C11EA2680000EA3129 /* backToBach.app */;
			productType = "com.apple.product-type.application";
		};
/* End PBXNativeTarget section */

/* Begin PBXProject section */
		3DB051B91EA2680000EA3129 /* Project object */ = {
			isa = PBXProject;
			attributes = {
				LastSwiftUpdateCheck = 0830;
				LastUpgradeCheck = 0830;
				ORGANIZATIONNAME = "West Kraemer";
				TargetAttributes = {
					3DB051C01EA2680000EA3129 = {
						CreatedOnToolsVersion = 8.3.1;
						ProvisioningStyle = Automatic;
					};
				};
			};
			buildConfigurationList = 3DB051BC1EA2680000EA3129 /* Build configuration list for PBXProject "backToBach" */;
			compatibilityVersion = "Xcode 3.2";
			developmentRegion = English;
			hasScannedForEncodings = 0;
			knownRegions = (
				en,
				Base,
			);
			mainGroup = 3DB051B81EA2680000EA3129;
			productRefGroup = 3DB051C21EA2680000EA3129 /* Products */;
			projectDirPath = "";
			projectRoot = "";
			targets = (
				3DB051C01EA2680000EA3129 /* backToBach */,
			);
		};
/* End PBXProject section */

/* Begin PBXResourcesBuildPhase section */
		3DB051BF1EA2680000EA3129 /* Resources */ = {
			isa = PBXResourcesBuildPhase;
			buildActionMask = 2147483647;
			files = (
				3DB051D71EA26BF400EA3129 /* sheep.mp3 in Resources */,
				3DB051D91EA26C0200EA3129 /* bach.jpg in Resources */,
				3DB051CF1EA2680000EA3129 /* LaunchScreen.storyboard in Resources */,
				3DB051CC1EA2680000EA3129 /* Assets.xcassets in Resources */,
				3DB051CA1EA2680000EA3129 /* Main.storyboard in Resources */,
			);
			runOnlyForDeploymentPostprocessing = 0;
		};
/* End PBXResourcesBuildPhase section */

/* Begin PBXSourcesBuildPhase section */
		3DB051BD1EA2680000EA3129 /* Sources */ = {
			isa = PBXSourcesBuildPhase;
			buildActionMask = 2147483647;
			files = (
				3DB051C71EA2680000EA3129 /* ViewController.swift in Sources */,
				3DB051C51EA2680000EA3129 /* AppDelegate.swift in Sources */,
			);
			runOnlyForDeploymentPostprocessing = 0;
		};
/* End PBXSourcesBuildPhase section */

/* Begin PBXVariantGroup section */
		3DB051C81EA2680000EA3129 /* Main.storyboard */ = {
			isa = PBXVariantGroup;
			children = (
				3DB051C91EA2680000EA3129 /* Base */,
			);
			name = Main.storyboard;
			sourceTree = "<group>";
		};
		3DB051CD1EA2680000EA3129 /* LaunchScreen.storyboard */ = {
			isa = PBXVariantGroup;
			children = (
				3DB051CE1EA2680000EA3129 /* Base */,
			);
			name = LaunchScreen.storyboard;
			sourceTree = "<group>";
		};
/* End PBXVariantGroup section */

/* Begin XCBuildConfiguration section */
		3DB051D11EA2680000EA3129 /* Debug */ = {
			isa = XCBuildConfiguration;
			buildSettings = {
				ALWAYS_SEARCH_USER_PATHS = NO;
				CLANG_ANALYZER_NONNULL = YES;
				CLANG_ANALYZER_NUMBER_OBJECT_CONVERSION = YES_AGGRESSIVE;
				CLANG_CXX_LANGUAGE_STANDARD = "gnu++0x";
				CLANG_CXX_LIBRARY = "libc++";
				CLANG_ENABLE_MODULES = YES;
				CLANG_ENABLE_OBJC_ARC = YES;
				CLANG_WARN_BOOL_CONVERSION = YES;
				CLANG_WARN_CONSTANT_CONVERSION = YES;
				CLANG_WARN_DIRECT_OBJC_ISA_USAGE = YES_ERROR;
				CLANG_WARN_DOCUMENTATION_COMMENTS = YES;
				CLANG_WARN_EMPTY_BODY = YES;
				CLANG_WARN_ENUM_CONVERSION = YES;
				CLANG_WARN_INFINITE_RECURSION = YES;
				CLANG_WARN_INT_CONVERSION = YES;
				CLANG_WARN_OBJC_ROOT_CLASS = YES_ERROR;
				CLANG_WARN_SUSPICIOUS_MOVE = YES;
				CLANG_WARN_UNREACHABLE_CODE = YES;
				CLANG_WARN__DUPLICATE_METHOD_MATCH = YES;
				"CODE_SIGN_IDENTITY[sdk=iphoneos*]" = "iPhone Developer";
				COPY_PHASE_STRIP = NO;
				DEBUG_INFORMATION_FORMAT = dwarf;
				ENABLE_STRICT_OBJC_MSGSEND = YES;
				ENABLE_TESTABILITY = YES;
				GCC_C_LANGUAGE_STANDARD = gnu99;
				GCC_DYNAMIC_NO_PIC = NO;
				GCC_NO_COMMON_BLOCKS = YES;
				GCC_OPTIMIZATION_LEVEL = 0;
				GCC_PREPROCESSOR_DEFINITIONS = (
					"DEBUG=1",
					"$(inherited)",
				);
				GCC_WARN_64_TO_32_BIT_CONVERSION = YES;
				GCC_WARN_ABOUT_RETURN_TYPE = YES_ERROR;
				GCC_WARN_UNDECLARED_SELECTOR = YES;
				GCC_WARN_UNINITIALIZED_AUTOS = YES_AGGRESSIVE;
				GCC_WARN_UNUSED_FUNCTION = YES;
				GCC_WARN_UNUSED_VARIABLE = YES;
				IPHONEOS_DEPLOYMENT_TARGET = 10.3;
				MTL_ENABLE_DEBUG_INFO = YES;
				ONLY_ACTIVE_ARCH = YES;
				SDKROOT = iphoneos;
				SWIFT_ACTIVE_COMPILATION_CONDITIONS = DEBUG;
				SWIFT_OPTIMIZATION_LEVEL = "-Onone";
			};
			name = Debug;
		};
		3DB051D21EA2680000EA3129 /* Release */ = {
			isa = XCBuildConfiguration;
			buildSettings = {
				ALWAYS_SEARCH_USER_PATHS = NO;
				CLANG_ANALYZER_NONNULL = YES;
				CLANG_ANALYZER_NUMBER_OBJECT_CONVERSION = YES_AGGRESSIVE;
				CLANG_CXX_LANGUAGE_STANDARD = "gnu++0x";
				CLANG_CXX_LIBRARY = "libc++";
				CLANG_ENABLE_MODULES = YES;
				CLANG_ENABLE_OBJC_ARC = YES;
				CLANG_WARN_BOOL_CONVERSION = YES;
				CLANG_WARN_CONSTANT_CONVERSION = YES;
				CLANG_WARN_DIRECT_OBJC_ISA_USAGE = YES_ERROR;
				CLANG_WARN_DOCUMENTATION_COMMENTS = YES;
				CLANG_WARN_EMPTY_BODY = YES;
				CLANG_WARN_ENUM_CONVERSION = YES;
				CLANG_WARN_INFINITE_RECURSION = YES;
				CLANG_WARN_INT_CONVERSION = YES;
				CLANG_WARN_OBJC_ROOT_CLASS = YES_ERROR;
				CLANG_WARN_SUSPICIOUS_MOVE = YES;
				CLANG_WARN_UNREACHABLE_CODE = YES;
				CLANG_WARN__DUPLICATE_METHOD_MATCH = YES;
				"CODE_SIGN_IDENTITY[sdk=iphoneos*]" = "iPhone Developer";
				COPY_PHASE_STRIP = NO;
				DEBUG_INFORMATION_FORMAT = "dwarf-with-dsym";
				ENABLE_NS_ASSERTIONS = NO;
				ENABLE_STRICT_OBJC_MSGSEND = YES;
				GCC_C_LANGUAGE_STANDARD = gnu99;
				GCC_NO_COMMON_BLOCKS = YES;
				GCC_WARN_64_TO_32_BIT_CONVERSION = YES;
				GCC_WARN_ABOUT_RETURN_TYPE = YES_ERROR;
				GCC_WARN_UNDECLARED_SELECTOR = YES;
				GCC_WARN_UNINITIALIZED_AUTOS = YES_AGGRESSIVE;
				GCC_WARN_UNUSED_FUNCTION = YES;
				GCC_WARN_UNUSED_VARIABLE = YES;
				IPHONEOS_DEPLOYMENT_TARGET = 10.3;
				MTL_ENABLE_DEBUG_INFO = NO;
				SDKROOT = iphoneos;
				SWIFT_OPTIMIZATION_LEVEL = "-Owholemodule";
				VALIDATE_PRODUCT = YES;
			};
			name = Release;
		};
		3DB051D41EA2680000EA3129 /* Debug */ = {
			isa = XCBuildConfiguration;
			buildSettings = {
				ASSETCATALOG_COMPILER_APPICON_NAME = AppIcon;
				INFOPLIST_FILE = backToBach/Info.plist;
				LD_RUNPATH_SEARCH_PATHS = "$(inherited) @executable_path/Frameworks";
				PRODUCT_BUNDLE_IDENTIFIER = com.example.backToBach;
				PRODUCT_NAME = "$(TARGET_NAME)";
				SWIFT_VERSION = 3.0;
			};
			name = Debug;
		};
		3DB051D51EA2680000EA3129 /* Release */ = {
			isa = XCBuildConfiguration;
			buildSettings = {
				ASSETCATALOG_COMPILER_APPICON_NAME = AppIcon;
				INFOPLIST_FILE = backToBach/Info.plist;
				LD_RUNPATH_SEARCH_PATHS = "$(inherited) @executable_path/Frameworks";
				PRODUCT_BUNDLE_IDENTIFIER = com.example.backToBach;
				PRODUCT_NAME = "$(TARGET_NAME)";
				SWIFT_VERSION = 3.0;
			};
			name = Release;
		};
/* End XCBuildConfiguration section */

/* Begin XCConfigurationList section */
		3DB051BC1EA2680000EA3129 /* Build configuration list for PBXProject "backToBach" */ = {
			isa = XCConfigurationList;
			buildConfigurations = (
				3DB051D11EA2680000EA3129 /* Debug */,
				3DB051D21EA2680000EA3129 /* Release */,
			);
			defaultConfigurationIsVisible = 0;
			defaultConfigurationName = Release;
		};
		3DB051D31EA2680000EA3129 /* Build configuration list for PBXNativeTarget "backToBach" */ = {
			isa = XCConfigurationList;
			buildConfigurations = (
				3DB051D41EA2680000EA3129 /* Debug */,
				3DB051D51EA2680000EA3129 /* Release */,
			);
			defaultConfigurationIsVisible = 0;
		};
/* End XCConfigurationList section */
	};
	rootObject = 3DB051B91EA2680000EA3129 /* Project object */;
}
